lockfileVersion: '9.0'

settings:
  autoInstallPeers: true
  excludeLinksFromLockfile: false

importers:

  .:
    dependencies:
      dotenv:
        specifier: ^17.2.3
        version: 17.2.3
      h3:
        specifier: 2.0.1-rc.6
        version: 2.0.1-rc.6

packages:

  dotenv@17.2.3:
    resolution: {integrity: sha512-JVUnt+DUIzu87TABbhPmNfVdBDt18BLOWjMUFJMSi/Qqg7NTYtabbvSNJGOJ7afbRuv9D/lngizHtP7QyLQ+9w==}
    engines: {node: '>=12'}

  h3@2.0.1-rc.6:
    resolution: {integrity: sha512-kKLFVFNJlDVTbQjakz1ZTFSHB9+oi9+Khf0v7xQsUKU3iOqu2qmrFzTD56YsDvvj2nBgqVDphGRXB2VRursw4w==}
    engines: {node: '>=20.11.1'}
    peerDependencies:
      crossws: ^0.4.1
    peerDependenciesMeta:
      crossws:
        optional: true

  rou3@0.7.12:
    resolution: {integrity: sha512-iFE4hLDuloSWcD7mjdCDhx2bKcIsYbtOTpfH5MHHLSKMOUyjqQXTeZVa289uuwEGEKFoE/BAPbhaU4B774nceg==}

  srvx@0.9.8:
    resolution: {integrity: sha512-RZaxTKJEE/14HYn8COLuUOJAt0U55N9l1Xf6jj+T0GoA01EUH1Xz5JtSUOI+EHn+AEgPCVn7gk6jHJffrr06fQ==}
    engines: {node: '>=20.16.0'}
    hasBin: true

snapshots:

  dotenv@17.2.3: {}

  h3@2.0.1-rc.6:
    dependencies:
      rou3: 0.7.12
      srvx: 0.9.8

  rou3@0.7.12: {}

  srvx@0.9.8: {}
